
Microsoft Visual Studio Solution File, Format Version 12.00
# Visual Studio Version 17
VisualStudioVersion = 17.2.32630.192
MinimumVisualStudioVersion = 10.0.40219.1
Project("{9A19103F-16F7-4668-BE54-9A1E7A4F7556}") = "ExperimentalViewpointFix", "ExperimentalViewpointFix.csproj", "{1F516B6A-1929-449D-8B58-F015AEDF6307}"
EndProject
Global
	GlobalSection(SolutionConfigurationPlatforms) = preSolution
		Debug|Any CPU = Debug|Any CPU
		Release|Any CPU = Release|Any CPU
	EndGlobalSection
	GlobalSection(ProjectConfigurationPlatforms) = postSolution
		{1F516B6A-1929-449D-8B58-F015AEDF6307}.Debug|Any CPU.ActiveCfg = Debug|Any CPU
		{1F516B6A-1929-449D-8B58-F015AEDF6307}.Debug|Any CPU.Build.0 = Debug|Any CPU
		{1F516B6A-1929-449D-8B58-F015AEDF6307}.Release|Any CPU.ActiveCfg = Release|Any CPU
		{1F516B6A-1929-449D-8B58-F015AEDF6307}.Release|Any CPU.Build.0 = Release|Any CPU
	EndGlobalSection
	GlobalSection(SolutionProperties) = preSolution
		HideSolutionNode = FALSE
	EndGlobalSection
	GlobalSection(ExtensibilityGlobals) = postSolution
		SolutionGuid = {84AAD716-7575-403F-BCE0-C83BF38DD17A}
	EndGlobalSection
EndGlobal
